Microsoft Visual Studio Solution File, Format Version 12.00
# Visual Studio 15
VisualStudioVersion = 15.0.27130.2024
MinimumVisualStudioVersion = 15.0.26124.0
Project("{2150E333-8FDC-42A3-9474-1A3956D46DE8}") = "Solution Items", "Solution Items", "{A515DEFE-6602-4853-8905-9FB324871B60}"
	ProjectSection(SolutionItems) = preProject
		.editorconfig = .editorconfig
		.gitattributes = .gitattributes
		.gitignore = .gitignore
		.gitmodules = .gitmodules
		AllRules.ruleset = AllRules.ruleset
		Directory.Build.props = Directory.Build.props
		LICENSE = LICENSE
	EndProjectSection
EndProject
Project("{2150E333-8FDC-42A3-9474-1A3956D46DE8}") = "src", "src", "{3FE280F9-5D38-4A3F-A722-8B59A4EEAA29}"
EndProject
Project("{9A19103F-16F7-4668-BE54-9A1E7A4F7556}") = "THNETII.AppFramework.Cli", "src\THNETII.AppFramework.Cli\THNETII.AppFramework.Cli.csproj", "{47CABDB6-D409-49D8-A170-54D3B5B14A5E}"
EndProject
Project("{9A19103F-16F7-4668-BE54-9A1E7A4F7556}") = "THNETII.AppFramework.Cli.About", "src\THNETII.AppFramework.Cli.About\THNETII.AppFramework.Cli.About.csproj", "{2CB874F3-B513-4CEF-86B0-F5E8A01AFF7C}"
EndProject
Project("{9A19103F-16F7-4668-BE54-9A1E7A4F7556}") = "THNETII.AppFramework.Cli.Extensions", "src\THNETII.AppFramework.Cli.Extensions\THNETII.AppFramework.Cli.Extensions.csproj", "{22D6B871-4EAC-4841-ABD1-95E262C4BACC}"
EndProject
Project("{2150E333-8FDC-42A3-9474-1A3956D46DE8}") = "test", "test", "{C363028D-F1B1-44FA-B7A2-20625450A24E}"
EndProject
Project("{9A19103F-16F7-4668-BE54-9A1E7A4F7556}") = "THNETII.AppFramework.Cli.Test", "test\THNETII.AppFramework.Cli.Test\THNETII.AppFramework.Cli.Test.csproj", "{451755B4-8251-45F0-9193-98EDBE155428}"
EndProject
Project("{9A19103F-16F7-4668-BE54-9A1E7A4F7556}") = "THNETII.Common", "dotnet-common\src\THNETII.Common\THNETII.Common.csproj", "{376FEAFC-900E-4555-910C-ACDAA012DB1C}"
EndProject
Project("{2150E333-8FDC-42A3-9474-1A3956D46DE8}") = "sample", "sample", "{A907B93E-3100-47BB-982E-F3575A213698}"
EndProject
Project("{9A19103F-16F7-4668-BE54-9A1E7A4F7556}") = "THNETII.SystemNet.EventLogging.Sample", "sample\THNETII.SystemNet.EventLogging.Sample\THNETII.SystemNet.EventLogging.Sample.csproj", "{7309AE17-34FB-47D4-B381-B12BDDAC852D}"
EndProject
Project("{9A19103F-16F7-4668-BE54-9A1E7A4F7556}") = "THNETII.Logging.EventSource", "src\THNETII.Logging.EventSource\THNETII.Logging.EventSource.csproj", "{3308AF22-8B35-48CF-8279-DE9F22CF5903}"
EndProject
Project("{9A19103F-16F7-4668-BE54-9A1E7A4F7556}") = "THNETII.AppFramework.Cli.Sample", "sample\THNETII.AppFramework.Cli.Sample\THNETII.AppFramework.Cli.Sample.csproj", "{45493A92-7307-4DBA-A46E-555D97EEEBA3}"
EndProject
Global
	GlobalSection(SolutionConfigurationPlatforms) = preSolution
		Debug|Any CPU = Debug|Any CPU
		Debug|x64 = Debug|x64
		Debug|x86 = Debug|x86
		Release|Any CPU = Release|Any CPU
		Release|x64 = Release|x64
		Release|x86 = Release|x86
	EndGlobalSection
	GlobalSection(ProjectConfigurationPlatforms) = postSolution
		{47CABDB6-D409-49D8-A170-54D3B5B14A5E}.Debug|Any CPU.ActiveCfg = Debug|Any CPU
		{47CABDB6-D409-49D8-A170-54D3B5B14A5E}.Debug|Any CPU.Build.0 = Debug|Any CPU
		{47CABDB6-D409-49D8-A170-54D3B5B14A5E}.Debug|x64.ActiveCfg = Debug|Any CPU
		{47CABDB6-D409-49D8-A170-54D3B5B14A5E}.Debug|x64.Build.0 = Debug|Any CPU
		{47CABDB6-D409-49D8-A170-54D3B5B14A5E}.Debug|x86.ActiveCfg = Debug|Any CPU
		{47CABDB6-D409-49D8-A170-54D3B5B14A5E}.Debug|x86.Build.0 = Debug|Any CPU
		{47CABDB6-D409-49D8-A170-54D3B5B14A5E}.Release|Any CPU.ActiveCfg = Release|Any CPU
		{47CABDB6-D409-49D8-A170-54D3B5B14A5E}.Release|Any CPU.Build.0 = Release|Any CPU
		{47CABDB6-D409-49D8-A170-54D3B5B14A5E}.Release|x64.ActiveCfg = Release|Any CPU
		{47CABDB6-D409-49D8-A170-54D3B5B14A5E}.Release|x64.Build.0 = Release|Any CPU
		{47CABDB6-D409-49D8-A170-54D3B5B14A5E}.Release|x86.ActiveCfg = Release|Any CPU
		{47CABDB6-D409-49D8-A170-54D3B5B14A5E}.Release|x86.Build.0 = Release|Any CPU
		{2CB874F3-B513-4CEF-86B0-F5E8A01AFF7C}.Debug|Any CPU.ActiveCfg = Debug|Any CPU
		{2CB874F3-B513-4CEF-86B0-F5E8A01AFF7C}.Debug|Any CPU.Build.0 = Debug|Any CPU
		{2CB874F3-B513-4CEF-86B0-F5E8A01AFF7C}.Debug|x64.ActiveCfg = Debug|Any CPU
		{2CB874F3-B513-4CEF-86B0-F5E8A01AFF7C}.Debug|x64.Build.0 = Debug|Any CPU
		{2CB874F3-B513-4CEF-86B0-F5E8A01AFF7C}.Debug|x86.ActiveCfg = Debug|Any CPU
		{2CB874F3-B513-4CEF-86B0-F5E8A01AFF7C}.Debug|x86.Build.0 = Debug|Any CPU
		{2CB874F3-B513-4CEF-86B0-F5E8A01AFF7C}.Release|Any CPU.ActiveCfg = Release|Any CPU
		{2CB874F3-B513-4CEF-86B0-F5E8A01AFF7C}.Release|Any CPU.Build.0 = Release|Any CPU
		{2CB874F3-B513-4CEF-86B0-F5E8A01AFF7C}.Release|x64.ActiveCfg = Release|Any CPU
		{2CB874F3-B513-4CEF-86B0-F5E8A01AFF7C}.Release|x64.Build.0 = Release|Any CPU
		{2CB874F3-B513-4CEF-86B0-F5E8A01AFF7C}.Release|x86.ActiveCfg = Release|Any CPU
		{2CB874F3-B513-4CEF-86B0-F5E8A01AFF7C}.Release|x86.Build.0 = Release|Any CPU
		{22D6B871-4EAC-4841-ABD1-95E262C4BACC}.Debug|Any CPU.ActiveCfg = Debug|Any CPU
		{22D6B871-4EAC-4841-ABD1-95E262C4BACC}.Debug|Any CPU.Build.0 = Debug|Any CPU
		{22D6B871-4EAC-4841-ABD1-95E262C4BACC}.Debug|x64.ActiveCfg = Debug|Any CPU
		{22D6B871-4EAC-4841-ABD1-95E262C4BACC}.Debug|x64.Build.0 = Debug|Any CPU
		{22D6B871-4EAC-4841-ABD1-95E262C4BACC}.Debug|x86.ActiveCfg = Debug|Any CPU
		{22D6B871-4EAC-4841-ABD1-95E262C4BACC}.Debug|x86.Build.0 = Debug|Any CPU
		{22D6B871-4EAC-4841-ABD1-95E262C4BACC}.Release|Any CPU.ActiveCfg = Release|Any CPU
		{22D6B871-4EAC-4841-ABD1-95E262C4BACC}.Release|Any CPU.Build.0 = Release|Any CPU
		{22D6B871-4EAC-4841-ABD1-95E262C4BACC}.Release|x64.ActiveCfg = Release|Any CPU
		{22D6B871-4EAC-4841-ABD1-95E262C4BACC}.Release|x64.Build.0 = Release|Any CPU
		{22D6B871-4EAC-4841-ABD1-95E262C4BACC}.Release|x86.ActiveCfg = Release|Any CPU
		{22D6B871-4EAC-4841-ABD1-95E262C4BACC}.Release|x86.Build.0 = Release|Any CPU
		{451755B4-8251-45F0-9193-98EDBE155428}.Debug|Any CPU.ActiveCfg = Debug|Any CPU
		{451755B4-8251-45F0-9193-98EDBE155428}.Debug|Any CPU.Build.0 = Debug|Any CPU
		{451755B4-8251-45F0-9193-98EDBE155428}.Debug|x64.ActiveCfg = Debug|Any CPU
		{451755B4-8251-45F0-9193-98EDBE155428}.Debug|x64.Build.0 = Debug|Any CPU
		{451755B4-8251-45F0-9193-98EDBE155428}.Debug|x86.ActiveCfg = Debug|Any CPU
		{451755B4-8251-45F0-9193-98EDBE155428}.Debug|x86.Build.0 = Debug|Any CPU
		{451755B4-8251-45F0-9193-98EDBE155428}.Release|Any CPU.ActiveCfg = Release|Any CPU
		{451755B4-8251-45F0-9193-98EDBE155428}.Release|Any CPU.Build.0 = Release|Any CPU
		{451755B4-8251-45F0-9193-98EDBE155428}.Release|x64.ActiveCfg = Release|Any CPU
		{451755B4-8251-45F0-9193-98EDBE155428}.Release|x64.Build.0 = Release|Any CPU
		{451755B4-8251-45F0-9193-98EDBE155428}.Release|x86.ActiveCfg = Release|Any CPU
		{451755B4-8251-45F0-9193-98EDBE155428}.Release|x86.Build.0 = Release|Any CPU
		{376FEAFC-900E-4555-910C-ACDAA012DB1C}.Debug|Any CPU.ActiveCfg = Debug|Any CPU
		{376FEAFC-900E-4555-910C-ACDAA012DB1C}.Debug|Any CPU.Build.0 = Debug|Any CPU
		{376FEAFC-900E-4555-910C-ACDAA012DB1C}.Debug|x64.ActiveCfg = Debug|Any CPU
		{376FEAFC-900E-4555-910C-ACDAA012DB1C}.Debug|x64.Build.0 = Debug|Any CPU
		{376FEAFC-900E-4555-910C-ACDAA012DB1C}.Debug|x86.ActiveCfg = Debug|Any CPU
		{376FEAFC-900E-4555-910C-ACDAA012DB1C}.Debug|x86.Build.0 = Debug|Any CPU
		{376FEAFC-900E-4555-910C-ACDAA012DB1C}.Release|Any CPU.ActiveCfg = Release|Any CPU
		{376FEAFC-900E-4555-910C-ACDAA012DB1C}.Release|Any CPU.Build.0 = Release|Any CPU
		{376FEAFC-900E-4555-910C-ACDAA012DB1C}.Release|x64.ActiveCfg = Release|Any CPU
		{376FEAFC-900E-4555-910C-ACDAA012DB1C}.Release|x64.Build.0 = Release|Any CPU
		{376FEAFC-900E-4555-910C-ACDAA012DB1C}.Release|x86.ActiveCfg = Release|Any CPU
		{376FEAFC-900E-4555-910C-ACDAA012DB1C}.Release|x86.Build.0 = Release|Any CPU
		{7309AE17-34FB-47D4-B381-B12BDDAC852D}.Debug|Any CPU.ActiveCfg = Debug|Any CPU
		{7309AE17-34FB-47D4-B381-B12BDDAC852D}.Debug|Any CPU.Build.0 = Debug|Any CPU
		{7309AE17-34FB-47D4-B381-B12BDDAC852D}.Debug|x64.ActiveCfg = Debug|Any CPU
		{7309AE17-34FB-47D4-B381-B12BDDAC852D}.Debug|x64.Build.0 = Debug|Any CPU
		{7309AE17-34FB-47D4-B381-B12BDDAC852D}.Debug|x86.ActiveCfg = Debug|Any CPU
		{7309AE17-34FB-47D4-B381-B12BDDAC852D}.Debug|x86.Build.0 = Debug|Any CPU
		{7309AE17-34FB-47D4-B381-B12BDDAC852D}.Release|Any CPU.ActiveCfg = Release|Any CPU
		{7309AE17-34FB-47D4-B381-B12BDDAC852D}.Release|Any CPU.Build.0 = Release|Any CPU
		{7309AE17-34FB-47D4-B381-B12BDDAC852D}.Release|x64.ActiveCfg = Release|Any CPU
		{7309AE17-34FB-47D4-B381-B12BDDAC852D}.Release|x64.Build.0 = Release|Any CPU
		{7309AE17-34FB-47D4-B381-B12BDDAC852D}.Release|x86.ActiveCfg = Release|Any CPU
		{7309AE17-34FB-47D4-B381-B12BDDAC852D}.Release|x86.Build.0 = Release|Any CPU
		{3308AF22-8B35-48CF-8279-DE9F22CF5903}.Debug|Any CPU.ActiveCfg = Debug|Any CPU
		{3308AF22-8B35-48CF-8279-DE9F22CF5903}.Debug|Any CPU.Build.0 = Debug|Any CPU
		{3308AF22-8B35-48CF-8279-DE9F22CF5903}.Debug|x64.ActiveCfg = Debug|Any CPU
		{3308AF22-8B35-48CF-8279-DE9F22CF5903}.Debug|x64.Build.0 = Debug|Any CPU
		{3308AF22-8B35-48CF-8279-DE9F22CF5903}.Debug|x86.ActiveCfg = Debug|Any CPU
		{3308AF22-8B35-48CF-8279-DE9F22CF5903}.Debug|x86.Build.0 = Debug|Any CPU
		{3308AF22-8B35-48CF-8279-DE9F22CF5903}.Release|Any CPU.ActiveCfg = Release|Any CPU
		{3308AF22-8B35-48CF-8279-DE9F22CF5903}.Release|Any CPU.Build.0 = Release|Any CPU
		{3308AF22-8B35-48CF-8279-DE9F22CF5903}.Release|x64.ActiveCfg = Release|Any CPU
		{3308AF22-8B35-48CF-8279-DE9F22CF5903}.Release|x64.Build.0 = Release|Any CPU
		{3308AF22-8B35-48CF-8279-DE9F22CF5903}.Release|x86.ActiveCfg = Release|Any CPU
		{3308AF22-8B35-48CF-8279-DE9F22CF5903}.Release|x86.Build.0 = Release|Any CPU
		{45493A92-7307-4DBA-A46E-555D97EEEBA3}.Debug|Any CPU.ActiveCfg = Debug|Any CPU
		{45493A92-7307-4DBA-A46E-555D97EEEBA3}.Debug|Any CPU.Build.0 = Debug|Any CPU
		{45493A92-7307-4DBA-A46E-555D97EEEBA3}.Debug|x64.ActiveCfg = Debug|Any CPU
		{45493A92-7307-4DBA-A46E-555D97EEEBA3}.Debug|x64.Build.0 = Debug|Any CPU
		{45493A92-7307-4DBA-A46E-555D97EEEBA3}.Debug|x86.ActiveCfg = Debug|Any CPU
		{45493A92-7307-4DBA-A46E-555D97EEEBA3}.Debug|x86.Build.0 = Debug|Any CPU
		{45493A92-7307-4DBA-A46E-555D97EEEBA3}.Release|Any CPU.ActiveCfg = Release|Any CPU
		{45493A92-7307-4DBA-A46E-555D97EEEBA3}.Release|Any CPU.Build.0 = Release|Any CPU
		{45493A92-7307-4DBA-A46E-555D97EEEBA3}.Release|x64.ActiveCfg = Release|Any CPU
		{45493A92-7307-4DBA-A46E-555D97EEEBA3}.Release|x64.Build.0 = Release|Any CPU
		{45493A92-7307-4DBA-A46E-555D97EEEBA3}.Release|x86.ActiveCfg = Release|Any CPU
		{45493A92-7307-4DBA-A46E-555D97EEEBA3}.Release|x86.Build.0 = Release|Any CPU
	EndGlobalSection
	GlobalSection(SolutionProperties) = preSolution
		HideSolutionNode = FALSE
	EndGlobalSection
	GlobalSection(NestedProjects) = preSolution
		{47CABDB6-D409-49D8-A170-54D3B5B14A5E} = {3FE280F9-5D38-4A3F-A722-8B59A4EEAA29}
		{2CB874F3-B513-4CEF-86B0-F5E8A01AFF7C} = {3FE280F9-5D38-4A3F-A722-8B59A4EEAA29}
		{22D6B871-4EAC-4841-ABD1-95E262C4BACC} = {3FE280F9-5D38-4A3F-A722-8B59A4EEAA29}
		{451755B4-8251-45F0-9193-98EDBE155428} = {C363028D-F1B1-44FA-B7A2-20625450A24E}
		{376FEAFC-900E-4555-910C-ACDAA012DB1C} = {3FE280F9-5D38-4A3F-A722-8B59A4EEAA29}
		{7309AE17-34FB-47D4-B381-B12BDDAC852D} = {A907B93E-3100-47BB-982E-F3575A213698}
		{3308AF22-8B35-48CF-8279-DE9F22CF5903} = {3FE280F9-5D38-4A3F-A722-8B59A4EEAA29}
		{45493A92-7307-4DBA-A46E-555D97EEEBA3} = {A907B93E-3100-47BB-982E-F3575A213698}
	EndGlobalSection
	GlobalSection(ExtensibilityGlobals) = postSolution
		SolutionGuid = {E7E7E761-2C47-4ADD-9CFA-004B2C56D5B9}
	EndGlobalSection
EndGlobal
