
Microsoft Visual Studio Solution File, Format Version 12.00
# Visual Studio Version 16
VisualStudioVersion = 16.0.28714.193
MinimumVisualStudioVersion = 10.0.40219.1
Project("{2150E333-8FDC-42A3-9474-1A3956D46DE8}") = "Solution Items", "Solution Items", "{A779530B-DED1-41B2-8A20-B021C3D6EC8B}"
	ProjectSection(SolutionItems) = preProject
		.editorconfig = .editorconfig
		.gitattributes = .gitattributes
		.gitignore = .gitignore
		AllRules.ruleset = AllRules.ruleset
		Directory.Build.props = Directory.Build.props
		Directory.Build.targets = Directory.Build.targets
		Directory.Meta.props = Directory.Meta.props
		Directory.Version.props = Directory.Version.props
		LICENSE = LICENSE
		NuGet.config = NuGet.config
	EndProjectSection
EndProject
Project("{2150E333-8FDC-42A3-9474-1A3956D46DE8}") = "test", "test", "{A1768F41-219C-424C-92B8-695477251F6A}"
EndProject
Project("{9A19103F-16F7-4668-BE54-9A1E7A4F7556}") = "THNETII.Common.Test", "test\THNETII.Common.Test\THNETII.Common.Test.csproj", "{976E4384-2206-493F-81F7-72BC185223E4}"
EndProject
Project("{2150E333-8FDC-42A3-9474-1A3956D46DE8}") = "src", "src", "{331613E4-9D79-4254-AC6C-C118A863AA66}"
EndProject
Project("{9A19103F-16F7-4668-BE54-9A1E7A4F7556}") = "THNETII.Common", "src\THNETII.Common\THNETII.Common.csproj", "{C13AC37C-0BF2-4A75-AA92-CF51379A1F2A}"
EndProject
Project("{2150E333-8FDC-42A3-9474-1A3956D46DE8}") = "dependencyinjection", "dependencyinjection", "{6EC9839A-0E11-4CC5-8856-61750B43B58C}"
EndProject
Project("{2150E333-8FDC-42A3-9474-1A3956D46DE8}") = "logging", "logging", "{8B1E24BB-D2CF-44F6-A9A6-BF40115AB7E9}"
EndProject
Project("{9A19103F-16F7-4668-BE54-9A1E7A4F7556}") = "THNETII.DependencyInjection", "src\THNETII.DependencyInjection\THNETII.DependencyInjection.csproj", "{0C9C2E16-6BF5-4BC5-A841-7D9AFA1D54FF}"
EndProject
Project("{9A19103F-16F7-4668-BE54-9A1E7A4F7556}") = "THNETII.DependencyInjection.Nesting", "src\THNETII.DependencyInjection.Nesting\THNETII.DependencyInjection.Nesting.csproj", "{49BC65F6-C8F8-4B91-B3AE-C90FE090F9A0}"
EndProject
Project("{9A19103F-16F7-4668-BE54-9A1E7A4F7556}") = "THNETII.DependencyInjection.Configuration", "src\THNETII.DependencyInjection.Configuration\THNETII.DependencyInjection.Configuration.csproj", "{38BFE483-8C05-452A-BDA4-1044D01DB4B5}"
EndProject
Project("{2150E333-8FDC-42A3-9474-1A3956D46DE8}") = "sample", "sample", "{4D44C610-F66A-4356-A26F-3F0FD1E62536}"
EndProject
Project("{9A19103F-16F7-4668-BE54-9A1E7A4F7556}") = "THNETII.DependencyInjection.Nesting.Sample", "sample\THNETII.DependencyInjection.Nesting.Sample\THNETII.DependencyInjection.Nesting.Sample.csproj", "{83D9506D-E330-45B6-BB60-20C40D1DA204}"
EndProject
Project("{9A19103F-16F7-4668-BE54-9A1E7A4F7556}") = "THNETII.DependencyInjection.Nesting.Test", "test\THNETII.DependencyInjection.Nesting.Test\THNETII.DependencyInjection.Nesting.Test.csproj", "{4CA6A3AD-B83E-4239-8FB1-F25241B1F4BF}"
EndProject
Project("{2150E333-8FDC-42A3-9474-1A3956D46DE8}") = "network", "network", "{C0B0DDA0-78FB-4EC1-9A72-870BD2448D71}"
EndProject
Project("{9A19103F-16F7-4668-BE54-9A1E7A4F7556}") = "THNETII.Networking.Http", "src\THNETII.Networking.Http\THNETII.Networking.Http.csproj", "{F971D6E0-5761-4AAB-8C19-9D310275CC5F}"
EndProject
Project("{9A19103F-16F7-4668-BE54-9A1E7A4F7556}") = "THNETII.Diagnostics.DiagnosticSourceExtensions", "src\THNETII.Diagnostics.DiagnosticSourceExtensions\THNETII.Diagnostics.DiagnosticSourceExtensions.csproj", "{23A617EC-0879-4CE2-A003-B7DA9F681A48}"
EndProject
Project("{9A19103F-16F7-4668-BE54-9A1E7A4F7556}") = "THNETII.Common.BaseN", "src\THNETII.Common.BaseN\THNETII.Common.BaseN.csproj", "{5B1B01D8-8D2B-475C-A809-F31A66B3137E}"
EndProject
Project("{9A19103F-16F7-4668-BE54-9A1E7A4F7556}") = "THNETII.CommandLine.Extensions", "src\THNETII.CommandLine.Extensions\THNETII.CommandLine.Extensions.csproj", "{8677E715-141A-4E67-8CB9-B2AFD2B55D1B}"
EndProject
Project("{2150E333-8FDC-42A3-9474-1A3956D46DE8}") = "commandline", "commandline", "{4E4BB68A-477E-4963-BB24-54E06414DDC1}"
EndProject
Project("{9A19103F-16F7-4668-BE54-9A1E7A4F7556}") = "THNETII.CommandLine.Extensions.Sample", "sample\THNETII.CommandLine.Extensions.Sample\THNETII.CommandLine.Extensions.Sample.csproj", "{E1C1E5BB-1A51-4211-9243-DD1EF7DB03D8}"
EndProject
Project("{9A19103F-16F7-4668-BE54-9A1E7A4F7556}") = "THNETII.TypeConverter", "src\THNETII.TypeConverter\THNETII.TypeConverter.csproj", "{D5A86D5B-45B0-48B8-808D-70087AD69800}"
EndProject
Project("{9A19103F-16F7-4668-BE54-9A1E7A4F7556}") = "THNETII.TypeConverter.Json", "src\THNETII.TypeConverter.Json\THNETII.TypeConverter.Json.csproj", "{DE7A8003-A9B4-4223-97F3-62CD72AFE511}"
EndProject
Project("{9A19103F-16F7-4668-BE54-9A1E7A4F7556}") = "THNETII.TypeConverter.Serialization", "src\THNETII.TypeConverter.Serialization\THNETII.TypeConverter.Serialization.csproj", "{1BF52650-BDBB-4F7B-A0C7-FD492EE9699B}"
EndProject
Project("{9A19103F-16F7-4668-BE54-9A1E7A4F7556}") = "THNETII.TypeConverter.Xml", "src\THNETII.TypeConverter.Xml\THNETII.TypeConverter.Xml.csproj", "{FB0DF478-2BFD-483D-90C6-E5C7BD53B585}"
EndProject
Project("{2150E333-8FDC-42A3-9474-1A3956D46DE8}") = "typeconverter", "typeconverter", "{55479F4D-4B67-4E47-8354-77FA6E12087E}"
EndProject
Project("{FAE04EC0-301F-11D3-BF4B-00C04F79EFBC}") = "THNETII.CommandLine.Hosting", "src\THNETII.CommandLine.Hosting\THNETII.CommandLine.Hosting.csproj", "{1259BD34-B532-4956-8546-4690FD5EF6B6}"
EndProject
Global
	GlobalSection(SolutionConfigurationPlatforms) = preSolution
		Debug|Any CPU = Debug|Any CPU
		Debug|x64 = Debug|x64
		Debug|x86 = Debug|x86
		Release|Any CPU = Release|Any CPU
		Release|x64 = Release|x64
		Release|x86 = Release|x86
	EndGlobalSection
	GlobalSection(ProjectConfigurationPlatforms) = postSolution
		{976E4384-2206-493F-81F7-72BC185223E4}.Debug|Any CPU.ActiveCfg = Debug|Any CPU
		{976E4384-2206-493F-81F7-72BC185223E4}.Debug|Any CPU.Build.0 = Debug|Any CPU
		{976E4384-2206-493F-81F7-72BC185223E4}.Debug|x64.ActiveCfg = Debug|Any CPU
		{976E4384-2206-493F-81F7-72BC185223E4}.Debug|x64.Build.0 = Debug|Any CPU
		{976E4384-2206-493F-81F7-72BC185223E4}.Debug|x86.ActiveCfg = Debug|Any CPU
		{976E4384-2206-493F-81F7-72BC185223E4}.Debug|x86.Build.0 = Debug|Any CPU
		{976E4384-2206-493F-81F7-72BC185223E4}.Release|Any CPU.ActiveCfg = Release|Any CPU
		{976E4384-2206-493F-81F7-72BC185223E4}.Release|Any CPU.Build.0 = Release|Any CPU
		{976E4384-2206-493F-81F7-72BC185223E4}.Release|x64.ActiveCfg = Release|Any CPU
		{976E4384-2206-493F-81F7-72BC185223E4}.Release|x64.Build.0 = Release|Any CPU
		{976E4384-2206-493F-81F7-72BC185223E4}.Release|x86.ActiveCfg = Release|Any CPU
		{976E4384-2206-493F-81F7-72BC185223E4}.Release|x86.Build.0 = Release|Any CPU
		{C13AC37C-0BF2-4A75-AA92-CF51379A1F2A}.Debug|Any CPU.ActiveCfg = Debug|Any CPU
		{C13AC37C-0BF2-4A75-AA92-CF51379A1F2A}.Debug|Any CPU.Build.0 = Debug|Any CPU
		{C13AC37C-0BF2-4A75-AA92-CF51379A1F2A}.Debug|x64.ActiveCfg = Debug|Any CPU
		{C13AC37C-0BF2-4A75-AA92-CF51379A1F2A}.Debug|x64.Build.0 = Debug|Any CPU
		{C13AC37C-0BF2-4A75-AA92-CF51379A1F2A}.Debug|x86.ActiveCfg = Debug|Any CPU
		{C13AC37C-0BF2-4A75-AA92-CF51379A1F2A}.Debug|x86.Build.0 = Debug|Any CPU
		{C13AC37C-0BF2-4A75-AA92-CF51379A1F2A}.Release|Any CPU.ActiveCfg = Release|Any CPU
		{C13AC37C-0BF2-4A75-AA92-CF51379A1F2A}.Release|Any CPU.Build.0 = Release|Any CPU
		{C13AC37C-0BF2-4A75-AA92-CF51379A1F2A}.Release|x64.ActiveCfg = Release|Any CPU
		{C13AC37C-0BF2-4A75-AA92-CF51379A1F2A}.Release|x64.Build.0 = Release|Any CPU
		{C13AC37C-0BF2-4A75-AA92-CF51379A1F2A}.Release|x86.ActiveCfg = Release|Any CPU
		{C13AC37C-0BF2-4A75-AA92-CF51379A1F2A}.Release|x86.Build.0 = Release|Any CPU
		{0C9C2E16-6BF5-4BC5-A841-7D9AFA1D54FF}.Debug|Any CPU.ActiveCfg = Debug|Any CPU
		{0C9C2E16-6BF5-4BC5-A841-7D9AFA1D54FF}.Debug|Any CPU.Build.0 = Debug|Any CPU
		{0C9C2E16-6BF5-4BC5-A841-7D9AFA1D54FF}.Debug|x64.ActiveCfg = Debug|Any CPU
		{0C9C2E16-6BF5-4BC5-A841-7D9AFA1D54FF}.Debug|x64.Build.0 = Debug|Any CPU
		{0C9C2E16-6BF5-4BC5-A841-7D9AFA1D54FF}.Debug|x86.ActiveCfg = Debug|Any CPU
		{0C9C2E16-6BF5-4BC5-A841-7D9AFA1D54FF}.Debug|x86.Build.0 = Debug|Any CPU
		{0C9C2E16-6BF5-4BC5-A841-7D9AFA1D54FF}.Release|Any CPU.ActiveCfg = Release|Any CPU
		{0C9C2E16-6BF5-4BC5-A841-7D9AFA1D54FF}.Release|Any CPU.Build.0 = Release|Any CPU
		{0C9C2E16-6BF5-4BC5-A841-7D9AFA1D54FF}.Release|x64.ActiveCfg = Release|Any CPU
		{0C9C2E16-6BF5-4BC5-A841-7D9AFA1D54FF}.Release|x64.Build.0 = Release|Any CPU
		{0C9C2E16-6BF5-4BC5-A841-7D9AFA1D54FF}.Release|x86.ActiveCfg = Release|Any CPU
		{0C9C2E16-6BF5-4BC5-A841-7D9AFA1D54FF}.Release|x86.Build.0 = Release|Any CPU
		{49BC65F6-C8F8-4B91-B3AE-C90FE090F9A0}.Debug|Any CPU.ActiveCfg = Debug|Any CPU
		{49BC65F6-C8F8-4B91-B3AE-C90FE090F9A0}.Debug|Any CPU.Build.0 = Debug|Any CPU
		{49BC65F6-C8F8-4B91-B3AE-C90FE090F9A0}.Debug|x64.ActiveCfg = Debug|Any CPU
		{49BC65F6-C8F8-4B91-B3AE-C90FE090F9A0}.Debug|x64.Build.0 = Debug|Any CPU
		{49BC65F6-C8F8-4B91-B3AE-C90FE090F9A0}.Debug|x86.ActiveCfg = Debug|Any CPU
		{49BC65F6-C8F8-4B91-B3AE-C90FE090F9A0}.Debug|x86.Build.0 = Debug|Any CPU
		{49BC65F6-C8F8-4B91-B3AE-C90FE090F9A0}.Release|Any CPU.ActiveCfg = Release|Any CPU
		{49BC65F6-C8F8-4B91-B3AE-C90FE090F9A0}.Release|Any CPU.Build.0 = Release|Any CPU
		{49BC65F6-C8F8-4B91-B3AE-C90FE090F9A0}.Release|x64.ActiveCfg = Release|Any CPU
		{49BC65F6-C8F8-4B91-B3AE-C90FE090F9A0}.Release|x64.Build.0 = Release|Any CPU
		{49BC65F6-C8F8-4B91-B3AE-C90FE090F9A0}.Release|x86.ActiveCfg = Release|Any CPU
		{49BC65F6-C8F8-4B91-B3AE-C90FE090F9A0}.Release|x86.Build.0 = Release|Any CPU
		{38BFE483-8C05-452A-BDA4-1044D01DB4B5}.Debug|Any CPU.ActiveCfg = Debug|Any CPU
		{38BFE483-8C05-452A-BDA4-1044D01DB4B5}.Debug|Any CPU.Build.0 = Debug|Any CPU
		{38BFE483-8C05-452A-BDA4-1044D01DB4B5}.Debug|x64.ActiveCfg = Debug|Any CPU
		{38BFE483-8C05-452A-BDA4-1044D01DB4B5}.Debug|x64.Build.0 = Debug|Any CPU
		{38BFE483-8C05-452A-BDA4-1044D01DB4B5}.Debug|x86.ActiveCfg = Debug|Any CPU
		{38BFE483-8C05-452A-BDA4-1044D01DB4B5}.Debug|x86.Build.0 = Debug|Any CPU
		{38BFE483-8C05-452A-BDA4-1044D01DB4B5}.Release|Any CPU.ActiveCfg = Release|Any CPU
		{38BFE483-8C05-452A-BDA4-1044D01DB4B5}.Release|Any CPU.Build.0 = Release|Any CPU
		{38BFE483-8C05-452A-BDA4-1044D01DB4B5}.Release|x64.ActiveCfg = Release|Any CPU
		{38BFE483-8C05-452A-BDA4-1044D01DB4B5}.Release|x64.Build.0 = Release|Any CPU
		{38BFE483-8C05-452A-BDA4-1044D01DB4B5}.Release|x86.ActiveCfg = Release|Any CPU
		{38BFE483-8C05-452A-BDA4-1044D01DB4B5}.Release|x86.Build.0 = Release|Any CPU
		{83D9506D-E330-45B6-BB60-20C40D1DA204}.Debug|Any CPU.ActiveCfg = Debug|Any CPU
		{83D9506D-E330-45B6-BB60-20C40D1DA204}.Debug|Any CPU.Build.0 = Debug|Any CPU
		{83D9506D-E330-45B6-BB60-20C40D1DA204}.Debug|x64.ActiveCfg = Debug|Any CPU
		{83D9506D-E330-45B6-BB60-20C40D1DA204}.Debug|x64.Build.0 = Debug|Any CPU
		{83D9506D-E330-45B6-BB60-20C40D1DA204}.Debug|x86.ActiveCfg = Debug|Any CPU
		{83D9506D-E330-45B6-BB60-20C40D1DA204}.Debug|x86.Build.0 = Debug|Any CPU
		{83D9506D-E330-45B6-BB60-20C40D1DA204}.Release|Any CPU.ActiveCfg = Release|Any CPU
		{83D9506D-E330-45B6-BB60-20C40D1DA204}.Release|Any CPU.Build.0 = Release|Any CPU
		{83D9506D-E330-45B6-BB60-20C40D1DA204}.Release|x64.ActiveCfg = Release|Any CPU
		{83D9506D-E330-45B6-BB60-20C40D1DA204}.Release|x64.Build.0 = Release|Any CPU
		{83D9506D-E330-45B6-BB60-20C40D1DA204}.Release|x86.ActiveCfg = Release|Any CPU
		{83D9506D-E330-45B6-BB60-20C40D1DA204}.Release|x86.Build.0 = Release|Any CPU
		{4CA6A3AD-B83E-4239-8FB1-F25241B1F4BF}.Debug|Any CPU.ActiveCfg = Debug|Any CPU
		{4CA6A3AD-B83E-4239-8FB1-F25241B1F4BF}.Debug|Any CPU.Build.0 = Debug|Any CPU
		{4CA6A3AD-B83E-4239-8FB1-F25241B1F4BF}.Debug|x64.ActiveCfg = Debug|Any CPU
		{4CA6A3AD-B83E-4239-8FB1-F25241B1F4BF}.Debug|x64.Build.0 = Debug|Any CPU
		{4CA6A3AD-B83E-4239-8FB1-F25241B1F4BF}.Debug|x86.ActiveCfg = Debug|Any CPU
		{4CA6A3AD-B83E-4239-8FB1-F25241B1F4BF}.Debug|x86.Build.0 = Debug|Any CPU
		{4CA6A3AD-B83E-4239-8FB1-F25241B1F4BF}.Release|Any CPU.ActiveCfg = Release|Any CPU
		{4CA6A3AD-B83E-4239-8FB1-F25241B1F4BF}.Release|Any CPU.Build.0 = Release|Any CPU
		{4CA6A3AD-B83E-4239-8FB1-F25241B1F4BF}.Release|x64.ActiveCfg = Release|Any CPU
		{4CA6A3AD-B83E-4239-8FB1-F25241B1F4BF}.Release|x64.Build.0 = Release|Any CPU
		{4CA6A3AD-B83E-4239-8FB1-F25241B1F4BF}.Release|x86.ActiveCfg = Release|Any CPU
		{4CA6A3AD-B83E-4239-8FB1-F25241B1F4BF}.Release|x86.Build.0 = Release|Any CPU
		{F971D6E0-5761-4AAB-8C19-9D310275CC5F}.Debug|Any CPU.ActiveCfg = Debug|Any CPU
		{F971D6E0-5761-4AAB-8C19-9D310275CC5F}.Debug|Any CPU.Build.0 = Debug|Any CPU
		{F971D6E0-5761-4AAB-8C19-9D310275CC5F}.Debug|x64.ActiveCfg = Debug|Any CPU
		{F971D6E0-5761-4AAB-8C19-9D310275CC5F}.Debug|x64.Build.0 = Debug|Any CPU
		{F971D6E0-5761-4AAB-8C19-9D310275CC5F}.Debug|x86.ActiveCfg = Debug|Any CPU
		{F971D6E0-5761-4AAB-8C19-9D310275CC5F}.Debug|x86.Build.0 = Debug|Any CPU
		{F971D6E0-5761-4AAB-8C19-9D310275CC5F}.Release|Any CPU.ActiveCfg = Release|Any CPU
		{F971D6E0-5761-4AAB-8C19-9D310275CC5F}.Release|Any CPU.Build.0 = Release|Any CPU
		{F971D6E0-5761-4AAB-8C19-9D310275CC5F}.Release|x64.ActiveCfg = Release|Any CPU
		{F971D6E0-5761-4AAB-8C19-9D310275CC5F}.Release|x64.Build.0 = Release|Any CPU
		{F971D6E0-5761-4AAB-8C19-9D310275CC5F}.Release|x86.ActiveCfg = Release|Any CPU
		{F971D6E0-5761-4AAB-8C19-9D310275CC5F}.Release|x86.Build.0 = Release|Any CPU
		{23A617EC-0879-4CE2-A003-B7DA9F681A48}.Debug|Any CPU.ActiveCfg = Debug|Any CPU
		{23A617EC-0879-4CE2-A003-B7DA9F681A48}.Debug|Any CPU.Build.0 = Debug|Any CPU
		{23A617EC-0879-4CE2-A003-B7DA9F681A48}.Debug|x64.ActiveCfg = Debug|Any CPU
		{23A617EC-0879-4CE2-A003-B7DA9F681A48}.Debug|x64.Build.0 = Debug|Any CPU
		{23A617EC-0879-4CE2-A003-B7DA9F681A48}.Debug|x86.ActiveCfg = Debug|Any CPU
		{23A617EC-0879-4CE2-A003-B7DA9F681A48}.Debug|x86.Build.0 = Debug|Any CPU
		{23A617EC-0879-4CE2-A003-B7DA9F681A48}.Release|Any CPU.ActiveCfg = Release|Any CPU
		{23A617EC-0879-4CE2-A003-B7DA9F681A48}.Release|Any CPU.Build.0 = Release|Any CPU
		{23A617EC-0879-4CE2-A003-B7DA9F681A48}.Release|x64.ActiveCfg = Release|Any CPU
		{23A617EC-0879-4CE2-A003-B7DA9F681A48}.Release|x64.Build.0 = Release|Any CPU
		{23A617EC-0879-4CE2-A003-B7DA9F681A48}.Release|x86.ActiveCfg = Release|Any CPU
		{23A617EC-0879-4CE2-A003-B7DA9F681A48}.Release|x86.Build.0 = Release|Any CPU
		{5B1B01D8-8D2B-475C-A809-F31A66B3137E}.Debug|Any CPU.ActiveCfg = Debug|Any CPU
		{5B1B01D8-8D2B-475C-A809-F31A66B3137E}.Debug|Any CPU.Build.0 = Debug|Any CPU
		{5B1B01D8-8D2B-475C-A809-F31A66B3137E}.Debug|x64.ActiveCfg = Debug|Any CPU
		{5B1B01D8-8D2B-475C-A809-F31A66B3137E}.Debug|x64.Build.0 = Debug|Any CPU
		{5B1B01D8-8D2B-475C-A809-F31A66B3137E}.Debug|x86.ActiveCfg = Debug|Any CPU
		{5B1B01D8-8D2B-475C-A809-F31A66B3137E}.Debug|x86.Build.0 = Debug|Any CPU
		{5B1B01D8-8D2B-475C-A809-F31A66B3137E}.Release|Any CPU.ActiveCfg = Release|Any CPU
		{5B1B01D8-8D2B-475C-A809-F31A66B3137E}.Release|Any CPU.Build.0 = Release|Any CPU
		{5B1B01D8-8D2B-475C-A809-F31A66B3137E}.Release|x64.ActiveCfg = Release|Any CPU
		{5B1B01D8-8D2B-475C-A809-F31A66B3137E}.Release|x64.Build.0 = Release|Any CPU
		{5B1B01D8-8D2B-475C-A809-F31A66B3137E}.Release|x86.ActiveCfg = Release|Any CPU
		{5B1B01D8-8D2B-475C-A809-F31A66B3137E}.Release|x86.Build.0 = Release|Any CPU
		{8677E715-141A-4E67-8CB9-B2AFD2B55D1B}.Debug|Any CPU.ActiveCfg = Debug|Any CPU
		{8677E715-141A-4E67-8CB9-B2AFD2B55D1B}.Debug|Any CPU.Build.0 = Debug|Any CPU
		{8677E715-141A-4E67-8CB9-B2AFD2B55D1B}.Debug|x64.ActiveCfg = Debug|Any CPU
		{8677E715-141A-4E67-8CB9-B2AFD2B55D1B}.Debug|x64.Build.0 = Debug|Any CPU
		{8677E715-141A-4E67-8CB9-B2AFD2B55D1B}.Debug|x86.ActiveCfg = Debug|Any CPU
		{8677E715-141A-4E67-8CB9-B2AFD2B55D1B}.Debug|x86.Build.0 = Debug|Any CPU
		{8677E715-141A-4E67-8CB9-B2AFD2B55D1B}.Release|Any CPU.ActiveCfg = Release|Any CPU
		{8677E715-141A-4E67-8CB9-B2AFD2B55D1B}.Release|Any CPU.Build.0 = Release|Any CPU
		{8677E715-141A-4E67-8CB9-B2AFD2B55D1B}.Release|x64.ActiveCfg = Release|Any CPU
		{8677E715-141A-4E67-8CB9-B2AFD2B55D1B}.Release|x64.Build.0 = Release|Any CPU
		{8677E715-141A-4E67-8CB9-B2AFD2B55D1B}.Release|x86.ActiveCfg = Release|Any CPU
		{8677E715-141A-4E67-8CB9-B2AFD2B55D1B}.Release|x86.Build.0 = Release|Any CPU
		{E1C1E5BB-1A51-4211-9243-DD1EF7DB03D8}.Debug|Any CPU.ActiveCfg = Debug|Any CPU
		{E1C1E5BB-1A51-4211-9243-DD1EF7DB03D8}.Debug|Any CPU.Build.0 = Debug|Any CPU
		{E1C1E5BB-1A51-4211-9243-DD1EF7DB03D8}.Debug|x64.ActiveCfg = Debug|Any CPU
		{E1C1E5BB-1A51-4211-9243-DD1EF7DB03D8}.Debug|x64.Build.0 = Debug|Any CPU
		{E1C1E5BB-1A51-4211-9243-DD1EF7DB03D8}.Debug|x86.ActiveCfg = Debug|Any CPU
		{E1C1E5BB-1A51-4211-9243-DD1EF7DB03D8}.Debug|x86.Build.0 = Debug|Any CPU
		{E1C1E5BB-1A51-4211-9243-DD1EF7DB03D8}.Release|Any CPU.ActiveCfg = Release|Any CPU
		{E1C1E5BB-1A51-4211-9243-DD1EF7DB03D8}.Release|Any CPU.Build.0 = Release|Any CPU
		{E1C1E5BB-1A51-4211-9243-DD1EF7DB03D8}.Release|x64.ActiveCfg = Release|Any CPU
		{E1C1E5BB-1A51-4211-9243-DD1EF7DB03D8}.Release|x64.Build.0 = Release|Any CPU
		{E1C1E5BB-1A51-4211-9243-DD1EF7DB03D8}.Release|x86.ActiveCfg = Release|Any CPU
		{E1C1E5BB-1A51-4211-9243-DD1EF7DB03D8}.Release|x86.Build.0 = Release|Any CPU
		{D5A86D5B-45B0-48B8-808D-70087AD69800}.Debug|Any CPU.ActiveCfg = Debug|Any CPU
		{D5A86D5B-45B0-48B8-808D-70087AD69800}.Debug|Any CPU.Build.0 = Debug|Any CPU
		{D5A86D5B-45B0-48B8-808D-70087AD69800}.Debug|x64.ActiveCfg = Debug|Any CPU
		{D5A86D5B-45B0-48B8-808D-70087AD69800}.Debug|x64.Build.0 = Debug|Any CPU
		{D5A86D5B-45B0-48B8-808D-70087AD69800}.Debug|x86.ActiveCfg = Debug|Any CPU
		{D5A86D5B-45B0-48B8-808D-70087AD69800}.Debug|x86.Build.0 = Debug|Any CPU
		{D5A86D5B-45B0-48B8-808D-70087AD69800}.Release|Any CPU.ActiveCfg = Release|Any CPU
		{D5A86D5B-45B0-48B8-808D-70087AD69800}.Release|Any CPU.Build.0 = Release|Any CPU
		{D5A86D5B-45B0-48B8-808D-70087AD69800}.Release|x64.ActiveCfg = Release|Any CPU
		{D5A86D5B-45B0-48B8-808D-70087AD69800}.Release|x64.Build.0 = Release|Any CPU
		{D5A86D5B-45B0-48B8-808D-70087AD69800}.Release|x86.ActiveCfg = Release|Any CPU
		{D5A86D5B-45B0-48B8-808D-70087AD69800}.Release|x86.Build.0 = Release|Any CPU
		{DE7A8003-A9B4-4223-97F3-62CD72AFE511}.Debug|Any CPU.ActiveCfg = Debug|Any CPU
		{DE7A8003-A9B4-4223-97F3-62CD72AFE511}.Debug|Any CPU.Build.0 = Debug|Any CPU
		{DE7A8003-A9B4-4223-97F3-62CD72AFE511}.Debug|x64.ActiveCfg = Debug|Any CPU
		{DE7A8003-A9B4-4223-97F3-62CD72AFE511}.Debug|x64.Build.0 = Debug|Any CPU
		{DE7A8003-A9B4-4223-97F3-62CD72AFE511}.Debug|x86.ActiveCfg = Debug|Any CPU
		{DE7A8003-A9B4-4223-97F3-62CD72AFE511}.Debug|x86.Build.0 = Debug|Any CPU
		{DE7A8003-A9B4-4223-97F3-62CD72AFE511}.Release|Any CPU.ActiveCfg = Release|Any CPU
		{DE7A8003-A9B4-4223-97F3-62CD72AFE511}.Release|Any CPU.Build.0 = Release|Any CPU
		{DE7A8003-A9B4-4223-97F3-62CD72AFE511}.Release|x64.ActiveCfg = Release|Any CPU
		{DE7A8003-A9B4-4223-97F3-62CD72AFE511}.Release|x64.Build.0 = Release|Any CPU
		{DE7A8003-A9B4-4223-97F3-62CD72AFE511}.Release|x86.ActiveCfg = Release|Any CPU
		{DE7A8003-A9B4-4223-97F3-62CD72AFE511}.Release|x86.Build.0 = Release|Any CPU
		{1BF52650-BDBB-4F7B-A0C7-FD492EE9699B}.Debug|Any CPU.ActiveCfg = Debug|Any CPU
		{1BF52650-BDBB-4F7B-A0C7-FD492EE9699B}.Debug|Any CPU.Build.0 = Debug|Any CPU
		{1BF52650-BDBB-4F7B-A0C7-FD492EE9699B}.Debug|x64.ActiveCfg = Debug|Any CPU
		{1BF52650-BDBB-4F7B-A0C7-FD492EE9699B}.Debug|x64.Build.0 = Debug|Any CPU
		{1BF52650-BDBB-4F7B-A0C7-FD492EE9699B}.Debug|x86.ActiveCfg = Debug|Any CPU
		{1BF52650-BDBB-4F7B-A0C7-FD492EE9699B}.Debug|x86.Build.0 = Debug|Any CPU
		{1BF52650-BDBB-4F7B-A0C7-FD492EE9699B}.Release|Any CPU.ActiveCfg = Release|Any CPU
		{1BF52650-BDBB-4F7B-A0C7-FD492EE9699B}.Release|Any CPU.Build.0 = Release|Any CPU
		{1BF52650-BDBB-4F7B-A0C7-FD492EE9699B}.Release|x64.ActiveCfg = Release|Any CPU
		{1BF52650-BDBB-4F7B-A0C7-FD492EE9699B}.Release|x64.Build.0 = Release|Any CPU
		{1BF52650-BDBB-4F7B-A0C7-FD492EE9699B}.Release|x86.ActiveCfg = Release|Any CPU
		{1BF52650-BDBB-4F7B-A0C7-FD492EE9699B}.Release|x86.Build.0 = Release|Any CPU
		{FB0DF478-2BFD-483D-90C6-E5C7BD53B585}.Debug|Any CPU.ActiveCfg = Debug|Any CPU
		{FB0DF478-2BFD-483D-90C6-E5C7BD53B585}.Debug|Any CPU.Build.0 = Debug|Any CPU
		{FB0DF478-2BFD-483D-90C6-E5C7BD53B585}.Debug|x64.ActiveCfg = Debug|Any CPU
		{FB0DF478-2BFD-483D-90C6-E5C7BD53B585}.Debug|x64.Build.0 = Debug|Any CPU
		{FB0DF478-2BFD-483D-90C6-E5C7BD53B585}.Debug|x86.ActiveCfg = Debug|Any CPU
		{FB0DF478-2BFD-483D-90C6-E5C7BD53B585}.Debug|x86.Build.0 = Debug|Any CPU
		{FB0DF478-2BFD-483D-90C6-E5C7BD53B585}.Release|Any CPU.ActiveCfg = Release|Any CPU
		{FB0DF478-2BFD-483D-90C6-E5C7BD53B585}.Release|Any CPU.Build.0 = Release|Any CPU
		{FB0DF478-2BFD-483D-90C6-E5C7BD53B585}.Release|x64.ActiveCfg = Release|Any CPU
		{FB0DF478-2BFD-483D-90C6-E5C7BD53B585}.Release|x64.Build.0 = Release|Any CPU
		{FB0DF478-2BFD-483D-90C6-E5C7BD53B585}.Release|x86.ActiveCfg = Release|Any CPU
		{FB0DF478-2BFD-483D-90C6-E5C7BD53B585}.Release|x86.Build.0 = Release|Any CPU
		{1259BD34-B532-4956-8546-4690FD5EF6B6}.Debug|Any CPU.ActiveCfg = Debug|Any CPU
		{1259BD34-B532-4956-8546-4690FD5EF6B6}.Debug|Any CPU.Build.0 = Debug|Any CPU
		{1259BD34-B532-4956-8546-4690FD5EF6B6}.Debug|x64.ActiveCfg = Debug|Any CPU
		{1259BD34-B532-4956-8546-4690FD5EF6B6}.Debug|x64.Build.0 = Debug|Any CPU
		{1259BD34-B532-4956-8546-4690FD5EF6B6}.Debug|x86.ActiveCfg = Debug|Any CPU
		{1259BD34-B532-4956-8546-4690FD5EF6B6}.Debug|x86.Build.0 = Debug|Any CPU
		{1259BD34-B532-4956-8546-4690FD5EF6B6}.Release|Any CPU.ActiveCfg = Release|Any CPU
		{1259BD34-B532-4956-8546-4690FD5EF6B6}.Release|Any CPU.Build.0 = Release|Any CPU
		{1259BD34-B532-4956-8546-4690FD5EF6B6}.Release|x64.ActiveCfg = Release|Any CPU
		{1259BD34-B532-4956-8546-4690FD5EF6B6}.Release|x64.Build.0 = Release|Any CPU
		{1259BD34-B532-4956-8546-4690FD5EF6B6}.Release|x86.ActiveCfg = Release|Any CPU
		{1259BD34-B532-4956-8546-4690FD5EF6B6}.Release|x86.Build.0 = Release|Any CPU
	EndGlobalSection
	GlobalSection(SolutionProperties) = preSolution
		HideSolutionNode = FALSE
	EndGlobalSection
	GlobalSection(NestedProjects) = preSolution
		{976E4384-2206-493F-81F7-72BC185223E4} = {A1768F41-219C-424C-92B8-695477251F6A}
		{C13AC37C-0BF2-4A75-AA92-CF51379A1F2A} = {331613E4-9D79-4254-AC6C-C118A863AA66}
		{6EC9839A-0E11-4CC5-8856-61750B43B58C} = {331613E4-9D79-4254-AC6C-C118A863AA66}
		{8B1E24BB-D2CF-44F6-A9A6-BF40115AB7E9} = {331613E4-9D79-4254-AC6C-C118A863AA66}
		{0C9C2E16-6BF5-4BC5-A841-7D9AFA1D54FF} = {6EC9839A-0E11-4CC5-8856-61750B43B58C}
		{49BC65F6-C8F8-4B91-B3AE-C90FE090F9A0} = {6EC9839A-0E11-4CC5-8856-61750B43B58C}
		{38BFE483-8C05-452A-BDA4-1044D01DB4B5} = {6EC9839A-0E11-4CC5-8856-61750B43B58C}
		{83D9506D-E330-45B6-BB60-20C40D1DA204} = {4D44C610-F66A-4356-A26F-3F0FD1E62536}
		{4CA6A3AD-B83E-4239-8FB1-F25241B1F4BF} = {A1768F41-219C-424C-92B8-695477251F6A}
		{C0B0DDA0-78FB-4EC1-9A72-870BD2448D71} = {331613E4-9D79-4254-AC6C-C118A863AA66}
		{F971D6E0-5761-4AAB-8C19-9D310275CC5F} = {C0B0DDA0-78FB-4EC1-9A72-870BD2448D71}
		{23A617EC-0879-4CE2-A003-B7DA9F681A48} = {8B1E24BB-D2CF-44F6-A9A6-BF40115AB7E9}
		{5B1B01D8-8D2B-475C-A809-F31A66B3137E} = {331613E4-9D79-4254-AC6C-C118A863AA66}
		{8677E715-141A-4E67-8CB9-B2AFD2B55D1B} = {4E4BB68A-477E-4963-BB24-54E06414DDC1}
		{4E4BB68A-477E-4963-BB24-54E06414DDC1} = {331613E4-9D79-4254-AC6C-C118A863AA66}
		{E1C1E5BB-1A51-4211-9243-DD1EF7DB03D8} = {4D44C610-F66A-4356-A26F-3F0FD1E62536}
		{D5A86D5B-45B0-48B8-808D-70087AD69800} = {55479F4D-4B67-4E47-8354-77FA6E12087E}
		{DE7A8003-A9B4-4223-97F3-62CD72AFE511} = {55479F4D-4B67-4E47-8354-77FA6E12087E}
		{1BF52650-BDBB-4F7B-A0C7-FD492EE9699B} = {55479F4D-4B67-4E47-8354-77FA6E12087E}
		{FB0DF478-2BFD-483D-90C6-E5C7BD53B585} = {55479F4D-4B67-4E47-8354-77FA6E12087E}
		{55479F4D-4B67-4E47-8354-77FA6E12087E} = {331613E4-9D79-4254-AC6C-C118A863AA66}
		{1259BD34-B532-4956-8546-4690FD5EF6B6} = {4E4BB68A-477E-4963-BB24-54E06414DDC1}
	EndGlobalSection
	GlobalSection(ExtensibilityGlobals) = postSolution
		SolutionGuid = {B1BDA8D3-891E-4F91-BFEA-B8B23CFA3678}
	EndGlobalSection
EndGlobal
