
Microsoft Visual Studio Solution File, Format Version 12.00
# Visual Studio 15
VisualStudioVersion = 15.0.26124.0
MinimumVisualStudioVersion = 15.0.26124.0
Project("{9A19103F-16F7-4668-BE54-9A1E7A4F7556}") = "THNETII.Common.Analyzers", "..\THNETII.Common.Analyzers\THNETII.Common.Analyzers.csproj", "{9AD1D6BE-DCE9-4DA8-BBEA-3B04E07837A1}"
EndProject
Project("{FAE04EC0-301F-11D3-BF4B-00C04F79EFBC}") = "THNETII.Common.Analyzers.Vsix", "THNETII.Common.Analyzers.Vsix.csproj", "{11CB3ABA-B43D-443A-B7BA-B61C2A92D848}"
EndProject
Project("{2150E333-8FDC-42A3-9474-1A3956D46DE8}") = "Solution Items", "Solution Items", "{6BEA07C8-EDD2-4E70-958F-182C96288462}"
	ProjectSection(SolutionItems) = preProject
		..\..\.editorconfig = ..\..\.editorconfig
		..\..\.gitattributes = ..\..\.gitattributes
		..\..\.gitignore = ..\..\.gitignore
		..\..\.gitmodules = ..\..\.gitmodules
		..\..\AllRules.ruleset = ..\..\AllRules.ruleset
		..\..\Directory.Build.props = ..\..\Directory.Build.props
		..\..\LICENSE = ..\..\LICENSE
		..\..\NuGet.config = ..\..\NuGet.config
	EndProjectSection
EndProject
Global
	GlobalSection(SolutionConfigurationPlatforms) = preSolution
		Debug|Any CPU = Debug|Any CPU
		Debug|x64 = Debug|x64
		Debug|x86 = Debug|x86
		Release|Any CPU = Release|Any CPU
		Release|x64 = Release|x64
		Release|x86 = Release|x86
	EndGlobalSection
	GlobalSection(ProjectConfigurationPlatforms) = postSolution
		{9AD1D6BE-DCE9-4DA8-BBEA-3B04E07837A1}.Debug|Any CPU.ActiveCfg = Debug|Any CPU
		{9AD1D6BE-DCE9-4DA8-BBEA-3B04E07837A1}.Debug|Any CPU.Build.0 = Debug|Any CPU
		{9AD1D6BE-DCE9-4DA8-BBEA-3B04E07837A1}.Debug|x64.ActiveCfg = Debug|Any CPU
		{9AD1D6BE-DCE9-4DA8-BBEA-3B04E07837A1}.Debug|x64.Build.0 = Debug|Any CPU
		{9AD1D6BE-DCE9-4DA8-BBEA-3B04E07837A1}.Debug|x86.ActiveCfg = Debug|Any CPU
		{9AD1D6BE-DCE9-4DA8-BBEA-3B04E07837A1}.Debug|x86.Build.0 = Debug|Any CPU
		{9AD1D6BE-DCE9-4DA8-BBEA-3B04E07837A1}.Release|Any CPU.ActiveCfg = Release|Any CPU
		{9AD1D6BE-DCE9-4DA8-BBEA-3B04E07837A1}.Release|Any CPU.Build.0 = Release|Any CPU
		{9AD1D6BE-DCE9-4DA8-BBEA-3B04E07837A1}.Release|x64.ActiveCfg = Release|Any CPU
		{9AD1D6BE-DCE9-4DA8-BBEA-3B04E07837A1}.Release|x64.Build.0 = Release|Any CPU
		{9AD1D6BE-DCE9-4DA8-BBEA-3B04E07837A1}.Release|x86.ActiveCfg = Release|Any CPU
		{9AD1D6BE-DCE9-4DA8-BBEA-3B04E07837A1}.Release|x86.Build.0 = Release|Any CPU
		{11CB3ABA-B43D-443A-B7BA-B61C2A92D848}.Debug|Any CPU.ActiveCfg = Debug|Any CPU
		{11CB3ABA-B43D-443A-B7BA-B61C2A92D848}.Debug|Any CPU.Build.0 = Debug|Any CPU
		{11CB3ABA-B43D-443A-B7BA-B61C2A92D848}.Debug|x64.ActiveCfg = Debug|Any CPU
		{11CB3ABA-B43D-443A-B7BA-B61C2A92D848}.Debug|x64.Build.0 = Debug|Any CPU
		{11CB3ABA-B43D-443A-B7BA-B61C2A92D848}.Debug|x86.ActiveCfg = Debug|Any CPU
		{11CB3ABA-B43D-443A-B7BA-B61C2A92D848}.Debug|x86.Build.0 = Debug|Any CPU
		{11CB3ABA-B43D-443A-B7BA-B61C2A92D848}.Release|Any CPU.ActiveCfg = Debug|Any CPU
		{11CB3ABA-B43D-443A-B7BA-B61C2A92D848}.Release|Any CPU.Build.0 = Debug|Any CPU
		{11CB3ABA-B43D-443A-B7BA-B61C2A92D848}.Release|x64.ActiveCfg = Debug|Any CPU
		{11CB3ABA-B43D-443A-B7BA-B61C2A92D848}.Release|x64.Build.0 = Debug|Any CPU
		{11CB3ABA-B43D-443A-B7BA-B61C2A92D848}.Release|x86.ActiveCfg = Debug|Any CPU
		{11CB3ABA-B43D-443A-B7BA-B61C2A92D848}.Release|x86.Build.0 = Debug|Any CPU
	EndGlobalSection
	GlobalSection(SolutionProperties) = preSolution
		HideSolutionNode = FALSE
	EndGlobalSection
	GlobalSection(ExtensibilityGlobals) = postSolution
		SolutionGuid = {748FA5E8-2BAF-41F8-B654-519CD8B75F00}
	EndGlobalSection
EndGlobal
